{
  "name": "b2b-expressjs-demo-app--parent",
  "version": "0.1.0",
  "lockfileVersion": 2,
  "requires": true,
  "packages": {
    "": {
      "name": "b2b-expressjs-demo-app--parent",
      "version": "0.1.0",
      "devDependencies": {},
      "engines": {
        "node": ">=16.13.1",
        "npm": ">=8.1.2"
      }
    }
  }
}
